// !$*UTF8*$!
{
	archiveVersion = 1;
	classes = {
	};
	objectVersion = 50;
	objects = {

/* Begin PBXBuildFile section */
		1073C950265916D900A63983 /* AppDelegate.swift in Sources */ = {isa = PBXBuildFile; fileRef = 1073C94F265916D900A63983 /* AppDelegate.swift */; };
		1073C952265916D900A63983 /* SceneDelegate.swift in Sources */ = {isa = PBXBuildFile; fileRef = 1073C951265916D900A63983 /* SceneDelegate.swift */; };
		1073C954265916D900A63983 /* ViewController.swift in Sources */ = {isa = PBXBuildFile; fileRef = 1073C953265916D900A63983 /* ViewController.swift */; };
		1073C957265916D900A63983 /* Main.storyboard in Resources */ = {isa = PBXBuildFile; fileRef = 1073C955265916D900A63983 /* Main.storyboard */; };
		1073C959265916DC00A63983 /* Assets.xcassets in Resources */ = {isa = PBXBuildFile; fileRef = 1073C958265916DC00A63983 /* Assets.xcassets */; };
		1073C95C265916DC00A63983 /* LaunchScreen.storyboard in Resources */ = {isa = PBXBuildFile; fileRef = 1073C95A265916DC00A63983 /* LaunchScreen.storyboard */; };
		1073C967265916DC00A63983 /* TestCICDTests.swift in Sources */ = {isa = PBXBuildFile; fileRef = 1073C966265916DC00A63983 /* TestCICDTests.swift */; };
		1073C972265916DC00A63983 /* TestCICDUITests.swift in Sources */ = {isa = PBXBuildFile; fileRef = 1073C971265916DC00A63983 /* TestCICDUITests.swift */; };
/* End PBXBuildFile section */

/* Begin PBXContainerItemProxy section */
		1073C963265916DC00A63983 /* PBXContainerItemProxy */ = {
			isa = PBXContainerItemProxy;
			containerPortal = 1073C944265916D900A63983 /* Project object */;
			proxyType = 1;
			remoteGlobalIDString = 1073C94B265916D900A63983;
			remoteInfo = TestCICD;
		};
		1073C96E265916DC00A63983 /* PBXContainerItemProxy */ = {
			isa = PBXContainerItemProxy;
			containerPortal = 1073C944265916D900A63983 /* Project object */;
			proxyType = 1;
			remoteGlobalIDString = 1073C94B265916D900A63983;
			remoteInfo = TestCICD;
		};
/* End PBXContainerItemProxy section */

/* Begin PBXFileReference section */
		1073C94C265916D900A63983 /* TestCICD.app */ = {isa = PBXFileReference; explicitFileType = wrapper.application; includeInIndex = 0; path = TestCICD.app; sourceTree = BUILT_PRODUCTS_DIR; };
		1073C94F265916D900A63983 /* AppDelegate.swift */ = {isa = PBXFileReference; lastKnownFileType = sourcecode.swift; path = AppDelegate.swift; sourceTree = "<group>"; };
		1073C951265916D900A63983 /* SceneDelegate.swift */ = {isa = PBXFileReference; lastKnownFileType = sourcecode.swift; path = SceneDelegate.swift; sourceTree = "<group>"; };
		1073C953265916D900A63983 /* ViewController.swift */ = {isa = PBXFileReference; lastKnownFileType = sourcecode.swift; path = ViewController.swift; sourceTree = "<group>"; };
		1073C956265916D900A63983 /* Base */ = {isa = PBXFileReference; lastKnownFileType = file.storyboard; name = Base; path = Base.lproj/Main.storyboard; sourceTree = "<group>"; };
		1073C958265916DC00A63983 /* Assets.xcassets */ = {isa = PBXFileReference; lastKnownFileType = folder.assetcatalog; path = Assets.xcassets; sourceTree = "<group>"; };
		1073C95B265916DC00A63983 /* Base */ = {isa = PBXFileReference; lastKnownFileType = file.storyboard; name = Base; path = Base.lproj/LaunchScreen.storyboard; sourceTree = "<group>"; };
		1073C95D265916DC00A63983 /* Info.plist */ = {isa = PBXFileReference; lastKnownFileType = text.plist.xml; path = Info.plist; sourceTree = "<group>"; };
		1073C962265916DC00A63983 /* TestCICDTests.xctest */ = {isa = PBXFileReference; explicitFileType = wrapper.cfbundle; includeInIndex = 0; path = TestCICDTests.xctest; sourceTree = BUILT_PRODUCTS_DIR; };
		1073C966265916DC00A63983 /* TestCICDTests.swift */ = {isa = PBXFileReference; lastKnownFileType = sourcecode.swift; path = TestCICDTests.swift; sourceTree = "<group>"; };
		1073C968265916DC00A63983 /* Info.plist */ = {isa = PBXFileReference; lastKnownFileType = text.plist.xml; path = Info.plist; sourceTree = "<group>"; };
		1073C96D265916DC00A63983 /* TestCICDUITests.xctest */ = {isa = PBXFileReference; explicitFileType = wrapper.cfbundle; includeInIndex = 0; path = TestCICDUITests.xctest; sourceTree = BUILT_PRODUCTS_DIR; };
		1073C971265916DC00A63983 /* TestCICDUITests.swift */ = {isa = PBXFileReference; lastKnownFileType = sourcecode.swift; path = TestCICDUITests.swift; sourceTree = "<group>"; };
		1073C973265916DC00A63983 /* Info.plist */ = {isa = PBXFileReference; lastKnownFileType = text.plist.xml; path = Info.plist; sourceTree = "<group>"; };
/* End PBXFileReference section */

/* Begin PBXFrameworksBuildPhase section */
		1073C949265916D900A63983 /* Frameworks */ = {
			isa = PBXFrameworksBuildPhase;
			buildActionMask = 2147483647;
			files = (
			);
			runOnlyForDeploymentPostprocessing = 0;
		};
		1073C95F265916DC00A63983 /* Frameworks */ = {
			isa = PBXFrameworksBuildPhase;
			buildActionMask = 2147483647;
			files = (
			);
			runOnlyForDeploymentPostprocessing = 0;
		};
		1073C96A265916DC00A63983 /* Frameworks */ = {
			isa = PBXFrameworksBuildPhase;
			buildActionMask = 2147483647;
			files = (
			);
			runOnlyForDeploymentPostprocessing = 0;
		};
/* End PBXFrameworksBuildPhase section */

/* Begin PBXGroup section */
		1073C943265916D900A63983 = {
			isa = PBXGroup;
			children = (
				1073C94E265916D900A63983 /* TestCICD */,
				1073C965265916DC00A63983 /* TestCICDTests */,
				1073C970265916DC00A63983 /* TestCICDUITests */,
				1073C94D265916D900A63983 /* Products */,
			);
			sourceTree = "<group>";
		};
		1073C94D265916D900A63983 /* Products */ = {
			isa = PBXGroup;
			children = (
				1073C94C265916D900A63983 /* TestCICD.app */,
				1073C962265916DC00A63983 /* TestCICDTests.xctest */,
				1073C96D265916DC00A63983 /* TestCICDUITests.xctest */,
			);
			name = Products;
			sourceTree = "<group>";
		};
		1073C94E265916D900A63983 /* TestCICD */ = {
			isa = PBXGroup;
			children = (
				1073C94F265916D900A63983 /* AppDelegate.swift */,
				1073C951265916D900A63983 /* SceneDelegate.swift */,
				1073C953265916D900A63983 /* ViewController.swift */,
				1073C955265916D900A63983 /* Main.storyboard */,
				1073C958265916DC00A63983 /* Assets.xcassets */,
				1073C95A265916DC00A63983 /* LaunchScreen.storyboard */,
				1073C95D265916DC00A63983 /* Info.plist */,
			);
			path = TestCICD;
			sourceTree = "<group>";
		};
		1073C965265916DC00A63983 /* TestCICDTests */ = {
			isa = PBXGroup;
			children = (
				1073C966265916DC00A63983 /* TestCICDTests.swift */,
				1073C968265916DC00A63983 /* Info.plist */,
			);
			path = TestCICDTests;
			sourceTree = "<group>";
		};
		1073C970265916DC00A63983 /* TestCICDUITests */ = {
			isa = PBXGroup;
			children = (
				1073C971265916DC00A63983 /* TestCICDUITests.swift */,
				1073C973265916DC00A63983 /* Info.plist */,
			);
			path = TestCICDUITests;
			sourceTree = "<group>";
		};
/* End PBXGroup section */

/* Begin PBXNativeTarget section */
		1073C94B265916D900A63983 /* TestCICD */ = {
			isa = PBXNativeTarget;
			buildConfigurationList = 1073C976265916DC00A63983 /* Build configuration list for PBXNativeTarget "TestCICD" */;
			buildPhases = (
				1073C948265916D900A63983 /* Sources */,
				1073C949265916D900A63983 /* Frameworks */,
				1073C94A265916D900A63983 /* Resources */,
			);
			buildRules = (
			);
			dependencies = (
			);
			name = TestCICD;
			productName = TestCICD;
			productReference = 1073C94C265916D900A63983 /* TestCICD.app */;
			productType = "com.apple.product-type.application";
		};
		1073C961265916DC00A63983 /* TestCICDTests */ = {
			isa = PBXNativeTarget;
			buildConfigurationList = 1073C979265916DC00A63983 /* Build configuration list for PBXNativeTarget "TestCICDTests" */;
			buildPhases = (
				1073C95E265916DC00A63983 /* Sources */,
				1073C95F265916DC00A63983 /* Frameworks */,
				1073C960265916DC00A63983 /* Resources */,
			);
			buildRules = (
			);
			dependencies = (
				1073C964265916DC00A63983 /* PBXTargetDependency */,
			);
			name = TestCICDTests;
			productName = TestCICDTests;
			productReference = 1073C962265916DC00A63983 /* TestCICDTests.xctest */;
			productType = "com.apple.product-type.bundle.unit-test";
		};
		1073C96C265916DC00A63983 /* TestCICDUITests */ = {
			isa = PBXNativeTarget;
			buildConfigurationList = 1073C97C265916DC00A63983 /* Build configuration list for PBXNativeTarget "TestCICDUITests" */;
			buildPhases = (
				1073C969265916DC00A63983 /* Sources */,
				1073C96A265916DC00A63983 /* Frameworks */,
				1073C96B265916DC00A63983 /* Resources */,
			);
			buildRules = (
			);
			dependencies = (
				1073C96F265916DC00A63983 /* PBXTargetDependency */,
			);
			name = TestCICDUITests;
			productName = TestCICDUITests;
			productReference = 1073C96D265916DC00A63983 /* TestCICDUITests.xctest */;
			productType = "com.apple.product-type.bundle.ui-testing";
		};
/* End PBXNativeTarget section */

/* Begin PBXProject section */
		1073C944265916D900A63983 /* Project object */ = {
			isa = PBXProject;
			attributes = {
				LastSwiftUpdateCheck = 1250;
				LastUpgradeCheck = 1250;
				TargetAttributes = {
					1073C94B265916D900A63983 = {
						CreatedOnToolsVersion = 12.5;
					};
					1073C961265916DC00A63983 = {
						CreatedOnToolsVersion = 12.5;
						TestTargetID = 1073C94B265916D900A63983;
					};
					1073C96C265916DC00A63983 = {
						CreatedOnToolsVersion = 12.5;
						TestTargetID = 1073C94B265916D900A63983;
					};
				};
			};
			buildConfigurationList = 1073C947265916D900A63983 /* Build configuration list for PBXProject "TestCICD" */;
			compatibilityVersion = "Xcode 9.3";
			developmentRegion = en;
			hasScannedForEncodings = 0;
			knownRegions = (
				en,
				Base,
			);
			mainGroup = 1073C943265916D900A63983;
			productRefGroup = 1073C94D265916D900A63983 /* Products */;
			projectDirPath = "";
			projectRoot = "";
			targets = (
				1073C94B265916D900A63983 /* TestCICD */,
				1073C961265916DC00A63983 /* TestCICDTests */,
				1073C96C265916DC00A63983 /* TestCICDUITests */,
			);
		};
/* End PBXProject section */

/* Begin PBXResourcesBuildPhase section */
		1073C94A265916D900A63983 /* Resources */ = {
			isa = PBXResourcesBuildPhase;
			buildActionMask = 2147483647;
			files = (
				1073C95C265916DC00A63983 /* LaunchScreen.storyboard in Resources */,
				1073C959265916DC00A63983 /* Assets.xcassets in Resources */,
				1073C957265916D900A63983 /* Main.storyboard in Resources */,
			);
			runOnlyForDeploymentPostprocessing = 0;
		};
		1073C960265916DC00A63983 /* Resources */ = {
			isa = PBXResourcesBuildPhase;
			buildActionMask = 2147483647;
			files = (
			);
			runOnlyForDeploymentPostprocessing = 0;
		};
		1073C96B265916DC00A63983 /* Resources */ = {
			isa = PBXResourcesBuildPhase;
			buildActionMask = 2147483647;
			files = (
			);
			runOnlyForDeploymentPostprocessing = 0;
		};
/* End PBXResourcesBuildPhase section */

/* Begin PBXSourcesBuildPhase section */
		1073C948265916D900A63983 /* Sources */ = {
			isa = PBXSourcesBuildPhase;
			buildActionMask = 2147483647;
			files = (
				1073C954265916D900A63983 /* ViewController.swift in Sources */,
				1073C950265916D900A63983 /* AppDelegate.swift in Sources */,
				1073C952265916D900A63983 /* SceneDelegate.swift in Sources */,
			);
			runOnlyForDeploymentPostprocessing = 0;
		};
		1073C95E265916DC00A63983 /* Sources */ = {
			isa = PBXSourcesBuildPhase;
			buildActionMask = 2147483647;
			files = (
				1073C967265916DC00A63983 /* TestCICDTests.swift in Sources */,
			);
			runOnlyForDeploymentPostprocessing = 0;
		};
		1073C969265916DC00A63983 /* Sources */ = {
			isa = PBXSourcesBuildPhase;
			buildActionMask = 2147483647;
			files = (
				1073C972265916DC00A63983 /* TestCICDUITests.swift in Sources */,
			);
			runOnlyForDeploymentPostprocessing = 0;
		};
/* End PBXSourcesBuildPhase section */

/* Begin PBXTargetDependency section */
		1073C964265916DC00A63983 /* PBXTargetDependency */ = {
			isa = PBXTargetDependency;
			target = 1073C94B265916D900A63983 /* TestCICD */;
			targetProxy = 1073C963265916DC00A63983 /* PBXContainerItemProxy */;
		};
		1073C96F265916DC00A63983 /* PBXTargetDependency */ = {
			isa = PBXTargetDependency;
			target = 1073C94B265916D900A63983 /* TestCICD */;
			targetProxy = 1073C96E265916DC00A63983 /* PBXContainerItemProxy */;
		};
/* End PBXTargetDependency section */

/* Begin PBXVariantGroup section */
		1073C955265916D900A63983 /* Main.storyboard */ = {
			isa = PBXVariantGroup;
			children = (
				1073C956265916D900A63983 /* Base */,
			);
			name = Main.storyboard;
			sourceTree = "<group>";
		};
		1073C95A265916DC00A63983 /* LaunchScreen.storyboard */ = {
			isa = PBXVariantGroup;
			children = (
				1073C95B265916DC00A63983 /* Base */,
			);
			name = LaunchScreen.storyboard;
			sourceTree = "<group>";
		};
/* End PBXVariantGroup section */

/* Begin XCBuildConfiguration section */
		1073C974265916DC00A63983 /* Debug */ = {
			isa = XCBuildConfiguration;
			buildSettings = {
				ALWAYS_SEARCH_USER_PATHS = NO;
				CLANG_ANALYZER_NONNULL = YES;
				CLANG_ANALYZER_NUMBER_OBJECT_CONVERSION = YES_AGGRESSIVE;
				CLANG_CXX_LANGUAGE_STANDARD = "gnu++14";
				CLANG_CXX_LIBRARY = "libc++";
				CLANG_ENABLE_MODULES = YES;
				CLANG_ENABLE_OBJC_ARC = YES;
				CLANG_ENABLE_OBJC_WEAK = YES;
				CLANG_WARN_BLOCK_CAPTURE_AUTORELEASING = YES;
				CLANG_WARN_BOOL_CONVERSION = YES;
				CLANG_WARN_COMMA = YES;
				CLANG_WARN_CONSTANT_CONVERSION = YES;
				CLANG_WARN_DEPRECATED_OBJC_IMPLEMENTATIONS = YES;
				CLANG_WARN_DIRECT_OBJC_ISA_USAGE = YES_ERROR;
				CLANG_WARN_DOCUMENTATION_COMMENTS = YES;
				CLANG_WARN_EMPTY_BODY = YES;
				CLANG_WARN_ENUM_CONVERSION = YES;
				CLANG_WARN_INFINITE_RECURSION = YES;
				CLANG_WARN_INT_CONVERSION = YES;
				CLANG_WARN_NON_LITERAL_NULL_CONVERSION = YES;
				CLANG_WARN_OBJC_IMPLICIT_RETAIN_SELF = YES;
				CLANG_WARN_OBJC_LITERAL_CONVERSION = YES;
				CLANG_WARN_OBJC_ROOT_CLASS = YES_ERROR;
				CLANG_WARN_QUOTED_INCLUDE_IN_FRAMEWORK_HEADER = YES;
				CLANG_WARN_RANGE_LOOP_ANALYSIS = YES;
				CLANG_WARN_STRICT_PROTOTYPES = YES;
				CLANG_WARN_SUSPICIOUS_MOVE = YES;
				CLANG_WARN_UNGUARDED_AVAILABILITY = YES_AGGRESSIVE;
				CLANG_WARN_UNREACHABLE_CODE = YES;
				CLANG_WARN__DUPLICATE_METHOD_MATCH = YES;
				COPY_PHASE_STRIP = NO;
				DEBUG_INFORMATION_FORMAT = dwarf;
				ENABLE_STRICT_OBJC_MSGSEND = YES;
				ENABLE_TESTABILITY = YES;
				GCC_C_LANGUAGE_STANDARD = gnu11;
				GCC_DYNAMIC_NO_PIC = NO;
				GCC_NO_COMMON_BLOCKS = YES;
				GCC_OPTIMIZATION_LEVEL = 0;
				GCC_PREPROCESSOR_DEFINITIONS = (
					"DEBUG=1",
					"$(inherited)",
				);
				GCC_WARN_64_TO_32_BIT_CONVERSION = YES;
				GCC_WARN_ABOUT_RETURN_TYPE = YES_ERROR;
				GCC_WARN_UNDECLARED_SELECTOR = YES;
				GCC_WARN_UNINITIALIZED_AUTOS = YES_AGGRESSIVE;
				GCC_WARN_UNUSED_FUNCTION = YES;
				GCC_WARN_UNUSED_VARIABLE = YES;
				IPHONEOS_DEPLOYMENT_TARGET = 14.5;
				MTL_ENABLE_DEBUG_INFO = INCLUDE_SOURCE;
				MTL_FAST_MATH = YES;
				ONLY_ACTIVE_ARCH = YES;
				SDKROOT = iphoneos;
				SWIFT_ACTIVE_COMPILATION_CONDITIONS = DEBUG;
				SWIFT_OPTIMIZATION_LEVEL = "-Onone";
			};
			name = Debug;
		};
		1073C975265916DC00A63983 /* Release */ = {
			isa = XCBuildConfiguration;
			buildSettings = {
				ALWAYS_SEARCH_USER_PATHS = NO;
				CLANG_ANALYZER_NONNULL = YES;
				CLANG_ANALYZER_NUMBER_OBJECT_CONVERSION = YES_AGGRESSIVE;
				CLANG_CXX_LANGUAGE_STANDARD = "gnu++14";
				CLANG_CXX_LIBRARY = "libc++";
				CLANG_ENABLE_MODULES = YES;
				CLANG_ENABLE_OBJC_ARC = YES;
				CLANG_ENABLE_OBJC_WEAK = YES;
				CLANG_WARN_BLOCK_CAPTURE_AUTORELEASING = YES;
				CLANG_WARN_BOOL_CONVERSION = YES;
				CLANG_WARN_COMMA = YES;
				CLANG_WARN_CONSTANT_CONVERSION = YES;
				CLANG_WARN_DEPRECATED_OBJC_IMPLEMENTATIONS = YES;
				CLANG_WARN_DIRECT_OBJC_ISA_USAGE = YES_ERROR;
				CLANG_WARN_DOCUMENTATION_COMMENTS = YES;
				CLANG_WARN_EMPTY_BODY = YES;
				CLANG_WARN_ENUM_CONVERSION = YES;
				CLANG_WARN_INFINITE_RECURSION = YES;
				CLANG_WARN_INT_CONVERSION = YES;
				CLANG_WARN_NON_LITERAL_NULL_CONVERSION = YES;
				CLANG_WARN_OBJC_IMPLICIT_RETAIN_SELF = YES;
				CLANG_WARN_OBJC_LITERAL_CONVERSION = YES;
				CLANG_WARN_OBJC_ROOT_CLASS = YES_ERROR;
				CLANG_WARN_QUOTED_INCLUDE_IN_FRAMEWORK_HEADER = YES;
				CLANG_WARN_RANGE_LOOP_ANALYSIS = YES;
				CLANG_WARN_STRICT_PROTOTYPES = YES;
				CLANG_WARN_SUSPICIOUS_MOVE = YES;
				CLANG_WARN_UNGUARDED_AVAILABILITY = YES_AGGRESSIVE;
				CLANG_WARN_UNREACHABLE_CODE = YES;
				CLANG_WARN__DUPLICATE_METHOD_MATCH = YES;
				COPY_PHASE_STRIP = NO;
				DEBUG_INFORMATION_FORMAT = "dwarf-with-dsym";
				ENABLE_NS_ASSERTIONS = NO;
				ENABLE_STRICT_OBJC_MSGSEND = YES;
				GCC_C_LANGUAGE_STANDARD = gnu11;
				GCC_NO_COMMON_BLOCKS = YES;
				GCC_WARN_64_TO_32_BIT_CONVERSION = YES;
				GCC_WARN_ABOUT_RETURN_TYPE = YES_ERROR;
				GCC_WARN_UNDECLARED_SELECTOR = YES;
				GCC_WARN_UNINITIALIZED_AUTOS = YES_AGGRESSIVE;
				GCC_WARN_UNUSED_FUNCTION = YES;
				GCC_WARN_UNUSED_VARIABLE = YES;
				IPHONEOS_DEPLOYMENT_TARGET = 14.5;
				MTL_ENABLE_DEBUG_INFO = NO;
				MTL_FAST_MATH = YES;
				SDKROOT = iphoneos;
				SWIFT_COMPILATION_MODE = wholemodule;
				SWIFT_OPTIMIZATION_LEVEL = "-O";
				VALIDATE_PRODUCT = YES;
			};
			name = Release;
		};
		1073C977265916DC00A63983 /* Debug */ = {
			isa = XCBuildConfiguration;
			buildSettings = {
				ASSETCATALOG_COMPILER_APPICON_NAME = AppIcon;
				ASSETCATALOG_COMPILER_GLOBAL_ACCENT_COLOR_NAME = AccentColor;
				CODE_SIGN_STYLE = Automatic;
				DEVELOPMENT_TEAM = 878HTQX44Y;
				INFOPLIST_FILE = TestCICD/Info.plist;
				LD_RUNPATH_SEARCH_PATHS = (
					"$(inherited)",
					"@executable_path/Frameworks",
				);
				PRODUCT_BUNDLE_IDENTIFIER = Gurungboi.TestCICD;
				PRODUCT_NAME = "$(TARGET_NAME)";
				SWIFT_VERSION = 5.0;
				TARGETED_DEVICE_FAMILY = "1,2";
			};
			name = Debug;
		};
		1073C978265916DC00A63983 /* Release */ = {
			isa = XCBuildConfiguration;
			buildSettings = {
				ASSETCATALOG_COMPILER_APPICON_NAME = AppIcon;
				ASSETCATALOG_COMPILER_GLOBAL_ACCENT_COLOR_NAME = AccentColor;
				CODE_SIGN_STYLE = Automatic;
				DEVELOPMENT_TEAM = 878HTQX44Y;
				INFOPLIST_FILE = TestCICD/Info.plist;
				LD_RUNPATH_SEARCH_PATHS = (
					"$(inherited)",
					"@executable_path/Frameworks",
				);
				PRODUCT_BUNDLE_IDENTIFIER = Gurungboi.TestCICD;
				PRODUCT_NAME = "$(TARGET_NAME)";
				SWIFT_VERSION = 5.0;
				TARGETED_DEVICE_FAMILY = "1,2";
			};
			name = Release;
		};
		1073C97A265916DC00A63983 /* Debug */ = {
			isa = XCBuildConfiguration;
			buildSettings = {
				ALWAYS_EMBED_SWIFT_STANDARD_LIBRARIES = YES;
				BUNDLE_LOADER = "$(TEST_HOST)";
				CODE_SIGN_STYLE = Automatic;
				DEVELOPMENT_TEAM = 878HTQX44Y;
				INFOPLIST_FILE = TestCICDTests/Info.plist;
				IPHONEOS_DEPLOYMENT_TARGET = 14.5;
				LD_RUNPATH_SEARCH_PATHS = (
					"$(inherited)",
					"@executable_path/Frameworks",
					"@loader_path/Frameworks",
				);
				PRODUCT_BUNDLE_IDENTIFIER = Gurungboi.TestCICDTests;
				PRODUCT_NAME = "$(TARGET_NAME)";
				SWIFT_VERSION = 5.0;
				TARGETED_DEVICE_FAMILY = "1,2";
				TEST_HOST = "$(BUILT_PRODUCTS_DIR)/TestCICD.app/TestCICD";
			};
			name = Debug;
		};
		1073C97B265916DC00A63983 /* Release */ = {
			isa = XCBuildConfiguration;
			buildSettings = {
				ALWAYS_EMBED_SWIFT_STANDARD_LIBRARIES = YES;
				BUNDLE_LOADER = "$(TEST_HOST)";
				CODE_SIGN_STYLE = Automatic;
				DEVELOPMENT_TEAM = 878HTQX44Y;
				INFOPLIST_FILE = TestCICDTests/Info.plist;
				IPHONEOS_DEPLOYMENT_TARGET = 14.5;
				LD_RUNPATH_SEARCH_PATHS = (
					"$(inherited)",
					"@executable_path/Frameworks",
					"@loader_path/Frameworks",
				);
				PRODUCT_BUNDLE_IDENTIFIER = Gurungboi.TestCICDTests;
				PRODUCT_NAME = "$(TARGET_NAME)";
				SWIFT_VERSION = 5.0;
				TARGETED_DEVICE_FAMILY = "1,2";
				TEST_HOST = "$(BUILT_PRODUCTS_DIR)/TestCICD.app/TestCICD";
			};
			name = Release;
		};
		1073C97D265916DC00A63983 /* Debug */ = {
			isa = XCBuildConfiguration;
			buildSettings = {
				ALWAYS_EMBED_SWIFT_STANDARD_LIBRARIES = YES;
				CODE_SIGN_STYLE = Automatic;
				DEVELOPMENT_TEAM = 878HTQX44Y;
				INFOPLIST_FILE = TestCICDUITests/Info.plist;
				LD_RUNPATH_SEARCH_PATHS = (
					"$(inherited)",
					"@executable_path/Frameworks",
					"@loader_path/Frameworks",
				);
				PRODUCT_BUNDLE_IDENTIFIER = Gurungboi.TestCICDUITests;
				PRODUCT_NAME = "$(TARGET_NAME)";
				SWIFT_VERSION = 5.0;
				TARGETED_DEVICE_FAMILY = "1,2";
				TEST_TARGET_NAME = TestCICD;
			};
			name = Debug;
		};
		1073C97E265916DC00A63983 /* Release */ = {
			isa = XCBuildConfiguration;
			buildSettings = {
				ALWAYS_EMBED_SWIFT_STANDARD_LIBRARIES = YES;
				CODE_SIGN_STYLE = Automatic;
				DEVELOPMENT_TEAM = 878HTQX44Y;
				INFOPLIST_FILE = TestCICDUITests/Info.plist;
				LD_RUNPATH_SEARCH_PATHS = (
					"$(inherited)",
					"@executable_path/Frameworks",
					"@loader_path/Frameworks",
				);
				PRODUCT_BUNDLE_IDENTIFIER = Gurungboi.TestCICDUITests;
				PRODUCT_NAME = "$(TARGET_NAME)";
				SWIFT_VERSION = 5.0;
				TARGETED_DEVICE_FAMILY = "1,2";
				TEST_TARGET_NAME = TestCICD;
			};
			name = Release;
		};
/* End XCBuildConfiguration section */

/* Begin XCConfigurationList section */
		1073C947265916D900A63983 /* Build configuration list for PBXProject "TestCICD" */ = {
			isa = XCConfigurationList;
			buildConfigurations = (
				1073C974265916DC00A63983 /* Debug */,
				1073C975265916DC00A63983 /* Release */,
			);
			defaultConfigurationIsVisible = 0;
			defaultConfigurationName = Release;
		};
		1073C976265916DC00A63983 /* Build configuration list for PBXNativeTarget "TestCICD" */ = {
			isa = XCConfigurationList;
			buildConfigurations = (
				1073C977265916DC00A63983 /* Debug */,
				1073C978265916DC00A63983 /* Release */,
			);
			defaultConfigurationIsVisible = 0;
			defaultConfigurationName = Release;
		};
		1073C979265916DC00A63983 /* Build configuration list for PBXNativeTarget "TestCICDTests" */ = {
			isa = XCConfigurationList;
			buildConfigurations = (
				1073C97A265916DC00A63983 /* Debug */,
				1073C97B265916DC00A63983 /* Release */,
			);
			defaultConfigurationIsVisible = 0;
			defaultConfigurationName = Release;
		};
		1073C97C265916DC00A63983 /* Build configuration list for PBXNativeTarget "TestCICDUITests" */ = {
			isa = XCConfigurationList;
			buildConfigurations = (
				1073C97D265916DC00A63983 /* Debug */,
				1073C97E265916DC00A63983 /* Release */,
			);
			defaultConfigurationIsVisible = 0;
			defaultConfigurationName = Release;
		};
/* End XCConfigurationList section */
	};
	rootObject = 1073C944265916D900A63983 /* Project object */;
}
